
Microsoft Visual Studio Solution File, Format Version 12.00
# Visual Studio 15
VisualStudioVersion = 15.0.27703.2026
MinimumVisualStudioVersion = 10.0.40219.1
Project("{8BC9CEB8-8B4A-11D0-8D11-00A0C91BC942}") = "exemplo1", "exemplo1\exemplo1.vcxproj", "{14F42055-B192-4C04-8CB2-3A5AD2B2510F}"
EndProject
Project("{8BC9CEB8-8B4A-11D0-8D11-00A0C91BC942}") = "exemplo4", "exemplo4\exemplo4.vcxproj", "{82EF31B0-51B2-4C7F-9C88-40840416B51B}"
EndProject
Project("{8BC9CEB8-8B4A-11D0-8D11-00A0C91BC942}") = "exemplo2", "exemplo2\exemplo2.vcxproj", "{09FE57ED-C02B-400B-AF23-0C252ED1AA00}"
EndProject
Project("{8BC9CEB8-8B4A-11D0-8D11-00A0C91BC942}") = "exemplo3", "exemplo3\exemplo3.vcxproj", "{47D2205D-DE2F-4A78-9A12-6CD1D8820D78}"
EndProject
Global
	GlobalSection(SolutionConfigurationPlatforms) = preSolution
		Debug|x64 = Debug|x64
		Debug|x86 = Debug|x86
		Release|x64 = Release|x64
		Release|x86 = Release|x86
	EndGlobalSection
	GlobalSection(ProjectConfigurationPlatforms) = postSolution
		{14F42055-B192-4C04-8CB2-3A5AD2B2510F}.Debug|x64.ActiveCfg = Debug|x64
		{14F42055-B192-4C04-8CB2-3A5AD2B2510F}.Debug|x64.Build.0 = Debug|x64
		{14F42055-B192-4C04-8CB2-3A5AD2B2510F}.Debug|x86.ActiveCfg = Debug|Win32
		{14F42055-B192-4C04-8CB2-3A5AD2B2510F}.Debug|x86.Build.0 = Debug|Win32
		{14F42055-B192-4C04-8CB2-3A5AD2B2510F}.Release|x64.ActiveCfg = Release|x64
		{14F42055-B192-4C04-8CB2-3A5AD2B2510F}.Release|x64.Build.0 = Release|x64
		{14F42055-B192-4C04-8CB2-3A5AD2B2510F}.Release|x86.ActiveCfg = Release|Win32
		{14F42055-B192-4C04-8CB2-3A5AD2B2510F}.Release|x86.Build.0 = Release|Win32
		{82EF31B0-51B2-4C7F-9C88-40840416B51B}.Debug|x64.ActiveCfg = Debug|x64
		{82EF31B0-51B2-4C7F-9C88-40840416B51B}.Debug|x64.Build.0 = Debug|x64
		{82EF31B0-51B2-4C7F-9C88-40840416B51B}.Debug|x86.ActiveCfg = Debug|Win32
		{82EF31B0-51B2-4C7F-9C88-40840416B51B}.Debug|x86.Build.0 = Debug|Win32
		{82EF31B0-51B2-4C7F-9C88-40840416B51B}.Release|x64.ActiveCfg = Release|x64
		{82EF31B0-51B2-4C7F-9C88-40840416B51B}.Release|x64.Build.0 = Release|x64
		{82EF31B0-51B2-4C7F-9C88-40840416B51B}.Release|x86.ActiveCfg = Release|Win32
		{82EF31B0-51B2-4C7F-9C88-40840416B51B}.Release|x86.Build.0 = Release|Win32
		{09FE57ED-C02B-400B-AF23-0C252ED1AA00}.Debug|x64.ActiveCfg = Debug|x64
		{09FE57ED-C02B-400B-AF23-0C252ED1AA00}.Debug|x64.Build.0 = Debug|x64
		{09FE57ED-C02B-400B-AF23-0C252ED1AA00}.Debug|x86.ActiveCfg = Debug|Win32
		{09FE57ED-C02B-400B-AF23-0C252ED1AA00}.Debug|x86.Build.0 = Debug|Win32
		{09FE57ED-C02B-400B-AF23-0C252ED1AA00}.Release|x64.ActiveCfg = Release|x64
		{09FE57ED-C02B-400B-AF23-0C252ED1AA00}.Release|x64.Build.0 = Release|x64
		{09FE57ED-C02B-400B-AF23-0C252ED1AA00}.Release|x86.ActiveCfg = Release|Win32
		{09FE57ED-C02B-400B-AF23-0C252ED1AA00}.Release|x86.Build.0 = Release|Win32
		{47D2205D-DE2F-4A78-9A12-6CD1D8820D78}.Debug|x64.ActiveCfg = Debug|x64
		{47D2205D-DE2F-4A78-9A12-6CD1D8820D78}.Debug|x64.Build.0 = Debug|x64
		{47D2205D-DE2F-4A78-9A12-6CD1D8820D78}.Debug|x86.ActiveCfg = Debug|Win32
		{47D2205D-DE2F-4A78-9A12-6CD1D8820D78}.Debug|x86.Build.0 = Debug|Win32
		{47D2205D-DE2F-4A78-9A12-6CD1D8820D78}.Release|x64.ActiveCfg = Release|x64
		{47D2205D-DE2F-4A78-9A12-6CD1D8820D78}.Release|x64.Build.0 = Release|x64
		{47D2205D-DE2F-4A78-9A12-6CD1D8820D78}.Release|x86.ActiveCfg = Release|Win32
		{47D2205D-DE2F-4A78-9A12-6CD1D8820D78}.Release|x86.Build.0 = Release|Win32
	EndGlobalSection
	GlobalSection(SolutionProperties) = preSolution
		HideSolutionNode = FALSE
	EndGlobalSection
	GlobalSection(ExtensibilityGlobals) = postSolution
		SolutionGuid = {1591DD3C-A50B-440D-AE21-8F5C7EA58C59}
	EndGlobalSection
EndGlobal
